// !$*UTF8*$!
{
	archiveVersion = 1;
	classes = {
	};
	objectVersion = 55;
	objects = {

/* Begin PBXBuildFile section */
		04F57B622B3308B100325B81 /* AppDelegate.swift in Sources */ = {isa = PBXBuildFile; fileRef = 04F57B612B3308B100325B81 /* AppDelegate.swift */; };
		04F57B642B3308B100325B81 /* SceneDelegate.swift in Sources */ = {isa = PBXBuildFile; fileRef = 04F57B632B3308B100325B81 /* SceneDelegate.swift */; };
		04F57B662B3308B100325B81 /* ViewController.swift in Sources */ = {isa = PBXBuildFile; fileRef = 04F57B652B3308B100325B81 /* ViewController.swift */; };
		04F57B692B3308B100325B81 /* Main.storyboard in Resources */ = {isa = PBXBuildFile; fileRef = 04F57B672B3308B100325B81 /* Main.storyboard */; };
		04F57B6B2B3308B500325B81 /* Assets.xcassets in Resources */ = {isa = PBXBuildFile; fileRef = 04F57B6A2B3308B500325B81 /* Assets.xcassets */; };
		04F57B6E2B3308B500325B81 /* LaunchScreen.storyboard in Resources */ = {isa = PBXBuildFile; fileRef = 04F57B6C2B3308B500325B81 /* LaunchScreen.storyboard */; };
		04F57B772B3404B000325B81 /* CustomCollectionViewCell.swift in Sources */ = {isa = PBXBuildFile; fileRef = 04F57B752B3404B000325B81 /* CustomCollectionViewCell.swift */; };
		04F57B782B3404B000325B81 /* CustomCollectionViewCell.xib in Resources */ = {isa = PBXBuildFile; fileRef = 04F57B762B3404B000325B81 /* CustomCollectionViewCell.xib */; };
		04F57B7A2B3404CC00325B81 /* Post.swift in Sources */ = {isa = PBXBuildFile; fileRef = 04F57B792B3404CC00325B81 /* Post.swift */; };
/* End PBXBuildFile section */

/* Begin PBXFileReference section */
		04F57B5E2B3308B100325B81 /* DataFetchingFromApiToCollectionView-4.app */ = {isa = PBXFileReference; explicitFileType = wrapper.application; includeInIndex = 0; path = "DataFetchingFromApiToCollectionView-4.app"; sourceTree = BUILT_PRODUCTS_DIR; };
		04F57B612B3308B100325B81 /* AppDelegate.swift */ = {isa = PBXFileReference; lastKnownFileType = sourcecode.swift; path = AppDelegate.swift; sourceTree = "<group>"; };
		04F57B632B3308B100325B81 /* SceneDelegate.swift */ = {isa = PBXFileReference; lastKnownFileType = sourcecode.swift; path = SceneDelegate.swift; sourceTree = "<group>"; };
		04F57B652B3308B100325B81 /* ViewController.swift */ = {isa = PBXFileReference; lastKnownFileType = sourcecode.swift; path = ViewController.swift; sourceTree = "<group>"; };
		04F57B682B3308B100325B81 /* Base */ = {isa = PBXFileReference; lastKnownFileType = file.storyboard; name = Base; path = Base.lproj/Main.storyboard; sourceTree = "<group>"; };
		04F57B6A2B3308B500325B81 /* Assets.xcassets */ = {isa = PBXFileReference; lastKnownFileType = folder.assetcatalog; path = Assets.xcassets; sourceTree = "<group>"; };
		04F57B6D2B3308B500325B81 /* Base */ = {isa = PBXFileReference; lastKnownFileType = file.storyboard; name = Base; path = Base.lproj/LaunchScreen.storyboard; sourceTree = "<group>"; };
		04F57B6F2B3308B500325B81 /* Info.plist */ = {isa = PBXFileReference; lastKnownFileType = text.plist.xml; path = Info.plist; sourceTree = "<group>"; };
		04F57B752B3404B000325B81 /* CustomCollectionViewCell.swift */ = {isa = PBXFileReference; lastKnownFileType = sourcecode.swift; path = CustomCollectionViewCell.swift; sourceTree = "<group>"; };
		04F57B762B3404B000325B81 /* CustomCollectionViewCell.xib */ = {isa = PBXFileReference; lastKnownFileType = file.xib; path = CustomCollectionViewCell.xib; sourceTree = "<group>"; };
		04F57B792B3404CC00325B81 /* Post.swift */ = {isa = PBXFileReference; lastKnownFileType = sourcecode.swift; path = Post.swift; sourceTree = "<group>"; };
/* End PBXFileReference section */

/* Begin PBXFrameworksBuildPhase section */
		04F57B5B2B3308B100325B81 /* Frameworks */ = {
			isa = PBXFrameworksBuildPhase;
			buildActionMask = 2147483647;
			files = (
			);
			runOnlyForDeploymentPostprocessing = 0;
		};
/* End PBXFrameworksBuildPhase section */

/* Begin PBXGroup section */
		04F57B552B3308B100325B81 = {
			isa = PBXGroup;
			children = (
				04F57B602B3308B100325B81 /* DataFetchingFromApiToCollectionView-4 */,
				04F57B5F2B3308B100325B81 /* Products */,
			);
			sourceTree = "<group>";
		};
		04F57B5F2B3308B100325B81 /* Products */ = {
			isa = PBXGroup;
			children = (
				04F57B5E2B3308B100325B81 /* DataFetchingFromApiToCollectionView-4.app */,
			);
			name = Products;
			sourceTree = "<group>";
		};
		04F57B602B3308B100325B81 /* DataFetchingFromApiToCollectionView-4 */ = {
			isa = PBXGroup;
			children = (
				04F57B612B3308B100325B81 /* AppDelegate.swift */,
				04F57B632B3308B100325B81 /* SceneDelegate.swift */,
				04F57B652B3308B100325B81 /* ViewController.swift */,
				04F57B672B3308B100325B81 /* Main.storyboard */,
				04F57B6A2B3308B500325B81 /* Assets.xcassets */,
				04F57B6C2B3308B500325B81 /* LaunchScreen.storyboard */,
				04F57B6F2B3308B500325B81 /* Info.plist */,
				04F57B752B3404B000325B81 /* CustomCollectionViewCell.swift */,
				04F57B762B3404B000325B81 /* CustomCollectionViewCell.xib */,
				04F57B792B3404CC00325B81 /* Post.swift */,
			);
			path = "DataFetchingFromApiToCollectionView-4";
			sourceTree = "<group>";
		};
/* End PBXGroup section */

/* Begin PBXNativeTarget section */
		04F57B5D2B3308B100325B81 /* DataFetchingFromApiToCollectionView-4 */ = {
			isa = PBXNativeTarget;
			buildConfigurationList = 04F57B722B3308B500325B81 /* Build configuration list for PBXNativeTarget "DataFetchingFromApiToCollectionView-4" */;
			buildPhases = (
				04F57B5A2B3308B100325B81 /* Sources */,
				04F57B5B2B3308B100325B81 /* Frameworks */,
				04F57B5C2B3308B100325B81 /* Resources */,
			);
			buildRules = (
			);
			dependencies = (
			);
			name = "DataFetchingFromApiToCollectionView-4";
			productName = "DataFetchingFromApiToCollectionView-4";
			productReference = 04F57B5E2B3308B100325B81 /* DataFetchingFromApiToCollectionView-4.app */;
			productType = "com.apple.product-type.application";
		};
/* End PBXNativeTarget section */

/* Begin PBXProject section */
		04F57B562B3308B100325B81 /* Project object */ = {
			isa = PBXProject;
			attributes = {
				BuildIndependentTargetsInParallel = 1;
				LastSwiftUpdateCheck = 1340;
				LastUpgradeCheck = 1340;
				TargetAttributes = {
					04F57B5D2B3308B100325B81 = {
						CreatedOnToolsVersion = 13.4.1;
					};
				};
			};
			buildConfigurationList = 04F57B592B3308B100325B81 /* Build configuration list for PBXProject "DataFetchingFromApiToCollectionView-4" */;
			compatibilityVersion = "Xcode 13.0";
			developmentRegion = en;
			hasScannedForEncodings = 0;
			knownRegions = (
				en,
				Base,
			);
			mainGroup = 04F57B552B3308B100325B81;
			productRefGroup = 04F57B5F2B3308B100325B81 /* Products */;
			projectDirPath = "";
			projectRoot = "";
			targets = (
				04F57B5D2B3308B100325B81 /* DataFetchingFromApiToCollectionView-4 */,
			);
		};
/* End PBXProject section */

/* Begin PBXResourcesBuildPhase section */
		04F57B5C2B3308B100325B81 /* Resources */ = {
			isa = PBXResourcesBuildPhase;
			buildActionMask = 2147483647;
			files = (
				04F57B6E2B3308B500325B81 /* LaunchScreen.storyboard in Resources */,
				04F57B6B2B3308B500325B81 /* Assets.xcassets in Resources */,
				04F57B692B3308B100325B81 /* Main.storyboard in Resources */,
				04F57B782B3404B000325B81 /* CustomCollectionViewCell.xib in Resources */,
			);
			runOnlyForDeploymentPostprocessing = 0;
		};
/* End PBXResourcesBuildPhase section */

/* Begin PBXSourcesBuildPhase section */
		04F57B5A2B3308B100325B81 /* Sources */ = {
			isa = PBXSourcesBuildPhase;
			buildActionMask = 2147483647;
			files = (
				04F57B662B3308B100325B81 /* ViewController.swift in Sources */,
				04F57B622B3308B100325B81 /* AppDelegate.swift in Sources */,
				04F57B642B3308B100325B81 /* SceneDelegate.swift in Sources */,
				04F57B772B3404B000325B81 /* CustomCollectionViewCell.swift in Sources */,
				04F57B7A2B3404CC00325B81 /* Post.swift in Sources */,
			);
			runOnlyForDeploymentPostprocessing = 0;
		};
/* End PBXSourcesBuildPhase section */

/* Begin PBXVariantGroup section */
		04F57B672B3308B100325B81 /* Main.storyboard */ = {
			isa = PBXVariantGroup;
			children = (
				04F57B682B3308B100325B81 /* Base */,
			);
			name = Main.storyboard;
			sourceTree = "<group>";
		};
		04F57B6C2B3308B500325B81 /* LaunchScreen.storyboard */ = {
			isa = PBXVariantGroup;
			children = (
				04F57B6D2B3308B500325B81 /* Base */,
			);
			name = LaunchScreen.storyboard;
			sourceTree = "<group>";
		};
/* End PBXVariantGroup section */

/* Begin XCBuildConfiguration section */
		04F57B702B3308B500325B81 /* Debug */ = {
			isa = XCBuildConfiguration;
			buildSettings = {
				ALWAYS_SEARCH_USER_PATHS = NO;
				CLANG_ANALYZER_NONNULL = YES;
				CLANG_ANALYZER_NUMBER_OBJECT_CONVERSION = YES_AGGRESSIVE;
				CLANG_CXX_LANGUAGE_STANDARD = "gnu++17";
				CLANG_ENABLE_MODULES = YES;
				CLANG_ENABLE_OBJC_ARC = YES;
				CLANG_ENABLE_OBJC_WEAK = YES;
				CLANG_WARN_BLOCK_CAPTURE_AUTORELEASING = YES;
				CLANG_WARN_BOOL_CONVERSION = YES;
				CLANG_WARN_COMMA = YES;
				CLANG_WARN_CONSTANT_CONVERSION = YES;
				CLANG_WARN_DEPRECATED_OBJC_IMPLEMENTATIONS = YES;
				CLANG_WARN_DIRECT_OBJC_ISA_USAGE = YES_ERROR;
				CLANG_WARN_DOCUMENTATION_COMMENTS = YES;
				CLANG_WARN_EMPTY_BODY = YES;
				CLANG_WARN_ENUM_CONVERSION = YES;
				CLANG_WARN_INFINITE_RECURSION = YES;
				CLANG_WARN_INT_CONVERSION = YES;
				CLANG_WARN_NON_LITERAL_NULL_CONVERSION = YES;
				CLANG_WARN_OBJC_IMPLICIT_RETAIN_SELF = YES;
				CLANG_WARN_OBJC_LITERAL_CONVERSION = YES;
				CLANG_WARN_OBJC_ROOT_CLASS = YES_ERROR;
				CLANG_WARN_QUOTED_INCLUDE_IN_FRAMEWORK_HEADER = YES;
				CLANG_WARN_RANGE_LOOP_ANALYSIS = YES;
				CLANG_WARN_STRICT_PROTOTYPES = YES;
				CLANG_WARN_SUSPICIOUS_MOVE = YES;
				CLANG_WARN_UNGUARDED_AVAILABILITY = YES_AGGRESSIVE;
				CLANG_WARN_UNREACHABLE_CODE = YES;
				CLANG_WARN__DUPLICATE_METHOD_MATCH = YES;
				COPY_PHASE_STRIP = NO;
				DEBUG_INFORMATION_FORMAT = dwarf;
				ENABLE_STRICT_OBJC_MSGSEND = YES;
				ENABLE_TESTABILITY = YES;
				GCC_C_LANGUAGE_STANDARD = gnu11;
				GCC_DYNAMIC_NO_PIC = NO;
				GCC_NO_COMMON_BLOCKS = YES;
				GCC_OPTIMIZATION_LEVEL = 0;
				GCC_PREPROCESSOR_DEFINITIONS = (
					"DEBUG=1",
					"$(inherited)",
				);
				GCC_WARN_64_TO_32_BIT_CONVERSION = YES;
				GCC_WARN_ABOUT_RETURN_TYPE = YES_ERROR;
				GCC_WARN_UNDECLARED_SELECTOR = YES;
				GCC_WARN_UNINITIALIZED_AUTOS = YES_AGGRESSIVE;
				GCC_WARN_UNUSED_FUNCTION = YES;
				GCC_WARN_UNUSED_VARIABLE = YES;
				IPHONEOS_DEPLOYMENT_TARGET = 15.5;
				MTL_ENABLE_DEBUG_INFO = INCLUDE_SOURCE;
				MTL_FAST_MATH = YES;
				ONLY_ACTIVE_ARCH = YES;
				SDKROOT = iphoneos;
				SWIFT_ACTIVE_COMPILATION_CONDITIONS = DEBUG;
				SWIFT_OPTIMIZATION_LEVEL = "-Onone";
			};
			name = Debug;
		};
		04F57B712B3308B500325B81 /* Release */ = {
			isa = XCBuildConfiguration;
			buildSettings = {
				ALWAYS_SEARCH_USER_PATHS = NO;
				CLANG_ANALYZER_NONNULL = YES;
				CLANG_ANALYZER_NUMBER_OBJECT_CONVERSION = YES_AGGRESSIVE;
				CLANG_CXX_LANGUAGE_STANDARD = "gnu++17";
				CLANG_ENABLE_MODULES = YES;
				CLANG_ENABLE_OBJC_ARC = YES;
				CLANG_ENABLE_OBJC_WEAK = YES;
				CLANG_WARN_BLOCK_CAPTURE_AUTORELEASING = YES;
				CLANG_WARN_BOOL_CONVERSION = YES;
				CLANG_WARN_COMMA = YES;
				CLANG_WARN_CONSTANT_CONVERSION = YES;
				CLANG_WARN_DEPRECATED_OBJC_IMPLEMENTATIONS = YES;
				CLANG_WARN_DIRECT_OBJC_ISA_USAGE = YES_ERROR;
				CLANG_WARN_DOCUMENTATION_COMMENTS = YES;
				CLANG_WARN_EMPTY_BODY = YES;
				CLANG_WARN_ENUM_CONVERSION = YES;
				CLANG_WARN_INFINITE_RECURSION = YES;
				CLANG_WARN_INT_CONVERSION = YES;
				CLANG_WARN_NON_LITERAL_NULL_CONVERSION = YES;
				CLANG_WARN_OBJC_IMPLICIT_RETAIN_SELF = YES;
				CLANG_WARN_OBJC_LITERAL_CONVERSION = YES;
				CLANG_WARN_OBJC_ROOT_CLASS = YES_ERROR;
				CLANG_WARN_QUOTED_INCLUDE_IN_FRAMEWORK_HEADER = YES;
				CLANG_WARN_RANGE_LOOP_ANALYSIS = YES;
				CLANG_WARN_STRICT_PROTOTYPES = YES;
				CLANG_WARN_SUSPICIOUS_MOVE = YES;
				CLANG_WARN_UNGUARDED_AVAILABILITY = YES_AGGRESSIVE;
				CLANG_WARN_UNREACHABLE_CODE = YES;
				CLANG_WARN__DUPLICATE_METHOD_MATCH = YES;
				COPY_PHASE_STRIP = NO;
				DEBUG_INFORMATION_FORMAT = "dwarf-with-dsym";
				ENABLE_NS_ASSERTIONS = NO;
				ENABLE_STRICT_OBJC_MSGSEND = YES;
				GCC_C_LANGUAGE_STANDARD = gnu11;
				GCC_NO_COMMON_BLOCKS = YES;
				GCC_WARN_64_TO_32_BIT_CONVERSION = YES;
				GCC_WARN_ABOUT_RETURN_TYPE = YES_ERROR;
				GCC_WARN_UNDECLARED_SELECTOR = YES;
				GCC_WARN_UNINITIALIZED_AUTOS = YES_AGGRESSIVE;
				GCC_WARN_UNUSED_FUNCTION = YES;
				GCC_WARN_UNUSED_VARIABLE = YES;
				IPHONEOS_DEPLOYMENT_TARGET = 15.5;
				MTL_ENABLE_DEBUG_INFO = NO;
				MTL_FAST_MATH = YES;
				SDKROOT = iphoneos;
				SWIFT_COMPILATION_MODE = wholemodule;
				SWIFT_OPTIMIZATION_LEVEL = "-O";
				VALIDATE_PRODUCT = YES;
			};
			name = Release;
		};
		04F57B732B3308B500325B81 /* Debug */ = {
			isa = XCBuildConfiguration;
			buildSettings = {
				ASSETCATALOG_COMPILER_APPICON_NAME = AppIcon;
				ASSETCATALOG_COMPILER_GLOBAL_ACCENT_COLOR_NAME = AccentColor;
				CODE_SIGN_STYLE = Automatic;
				CURRENT_PROJECT_VERSION = 1;
				GENERATE_INFOPLIST_FILE = YES;
				INFOPLIST_FILE = "DataFetchingFromApiToCollectionView-4/Info.plist";
				INFOPLIST_KEY_UIApplicationSupportsIndirectInputEvents = YES;
				INFOPLIST_KEY_UILaunchStoryboardName = LaunchScreen;
				INFOPLIST_KEY_UIMainStoryboardFile = Main;
				INFOPLIST_KEY_UISupportedInterfaceOrientations_iPad = "UIInterfaceOrientationPortrait UIInterfaceOrientationPortraitUpsideDown UIInterfaceOrientationLandscapeLeft UIInterfaceOrientationLandscapeRight";
				INFOPLIST_KEY_UISupportedInterfaceOrientations_iPhone = "UIInterfaceOrientationPortrait UIInterfaceOrientationLandscapeLeft UIInterfaceOrientationLandscapeRight";
				LD_RUNPATH_SEARCH_PATHS = (
					"$(inherited)",
					"@executable_path/Frameworks",
				);
				MARKETING_VERSION = 1.0;
				PRODUCT_BUNDLE_IDENTIFIER = "in.bitcode.DataFetchingFromApiToCollectionView-4";
				PRODUCT_NAME = "$(TARGET_NAME)";
				SWIFT_EMIT_LOC_STRINGS = YES;
				SWIFT_VERSION = 5.0;
				TARGETED_DEVICE_FAMILY = "1,2";
			};
			name = Debug;
		};
		04F57B742B3308B500325B81 /* Release */ = {
			isa = XCBuildConfiguration;
			buildSettings = {
				ASSETCATALOG_COMPILER_APPICON_NAME = AppIcon;
				ASSETCATALOG_COMPILER_GLOBAL_ACCENT_COLOR_NAME = AccentColor;
				CODE_SIGN_STYLE = Automatic;
				CURRENT_PROJECT_VERSION = 1;
				GENERATE_INFOPLIST_FILE = YES;
				INFOPLIST_FILE = "DataFetchingFromApiToCollectionView-4/Info.plist";
				INFOPLIST_KEY_UIApplicationSupportsIndirectInputEvents = YES;
				INFOPLIST_KEY_UILaunchStoryboardName = LaunchScreen;
				INFOPLIST_KEY_UIMainStoryboardFile = Main;
				INFOPLIST_KEY_UISupportedInterfaceOrientations_iPad = "UIInterfaceOrientationPortrait UIInterfaceOrientationPortraitUpsideDown UIInterfaceOrientationLandscapeLeft UIInterfaceOrientationLandscapeRight";
				INFOPLIST_KEY_UISupportedInterfaceOrientations_iPhone = "UIInterfaceOrientationPortrait UIInterfaceOrientationLandscapeLeft UIInterfaceOrientationLandscapeRight";
				LD_RUNPATH_SEARCH_PATHS = (
					"$(inherited)",
					"@executable_path/Frameworks",
				);
				MARKETING_VERSION = 1.0;
				PRODUCT_BUNDLE_IDENTIFIER = "in.bitcode.DataFetchingFromApiToCollectionView-4";
				PRODUCT_NAME = "$(TARGET_NAME)";
				SWIFT_EMIT_LOC_STRINGS = YES;
				SWIFT_VERSION = 5.0;
				TARGETED_DEVICE_FAMILY = "1,2";
			};
			name = Release;
		};
/* End XCBuildConfiguration section */

/* Begin XCConfigurationList section */
		04F57B592B3308B100325B81 /* Build configuration list for PBXProject "DataFetchingFromApiToCollectionView-4" */ = {
			isa = XCConfigurationList;
			buildConfigurations = (
				04F57B702B3308B500325B81 /* Debug */,
				04F57B712B3308B500325B81 /* Release */,
			);
			defaultConfigurationIsVisible = 0;
			defaultConfigurationName = Release;
		};
		04F57B722B3308B500325B81 /* Build configuration list for PBXNativeTarget "DataFetchingFromApiToCollectionView-4" */ = {
			isa = XCConfigurationList;
			buildConfigurations = (
				04F57B732B3308B500325B81 /* Debug */,
				04F57B742B3308B500325B81 /* Release */,
			);
			defaultConfigurationIsVisible = 0;
			defaultConfigurationName = Release;
		};
/* End XCConfigurationList section */
	};
	rootObject = 04F57B562B3308B100325B81 /* Project object */;
}
